
Microsoft Visual Studio Solution File, Format Version 12.00
# Visual Studio Version 17
VisualStudioVersion = 17.6.33829.357
MinimumVisualStudioVersion = 10.0.40219.1
Project("{9A19103F-16F7-4668-BE54-9A1E7A4F7556}") = "Metete.Api", "Metete.Api\Metete.Api.csproj", "{90474A9E-349E-486F-A76D-0939B402B4B3}"
EndProject
Project("{FAE04EC0-301F-11D3-BF4B-00C04F79EFBC}") = "Metete.WorkerService", "Metete.WorkerService\Metete.WorkerService.csproj", "{6173B657-53EA-4088-AD04-FBBC555CE716}"
EndProject
Global
	GlobalSection(SolutionConfigurationPlatforms) = preSolution
		Debug|Any CPU = Debug|Any CPU
		Release|Any CPU = Release|Any CPU
	EndGlobalSection
	GlobalSection(ProjectConfigurationPlatforms) = postSolution
		{90474A9E-349E-486F-A76D-0939B402B4B3}.Debug|Any CPU.ActiveCfg = Debug|Any CPU
		{90474A9E-349E-486F-A76D-0939B402B4B3}.Debug|Any CPU.Build.0 = Debug|Any CPU
		{90474A9E-349E-486F-A76D-0939B402B4B3}.Release|Any CPU.ActiveCfg = Release|Any CPU
		{90474A9E-349E-486F-A76D-0939B402B4B3}.Release|Any CPU.Build.0 = Release|Any CPU
		{6173B657-53EA-4088-AD04-FBBC555CE716}.Debug|Any CPU.ActiveCfg = Debug|Any CPU
		{6173B657-53EA-4088-AD04-FBBC555CE716}.Debug|Any CPU.Build.0 = Debug|Any CPU
		{6173B657-53EA-4088-AD04-FBBC555CE716}.Release|Any CPU.ActiveCfg = Release|Any CPU
		{6173B657-53EA-4088-AD04-FBBC555CE716}.Release|Any CPU.Build.0 = Release|Any CPU
	EndGlobalSection
	GlobalSection(SolutionProperties) = preSolution
		HideSolutionNode = FALSE
	EndGlobalSection
	GlobalSection(ExtensibilityGlobals) = postSolution
		SolutionGuid = {DFD20F32-AB32-4316-8A10-E5713859958E}
	EndGlobalSection
EndGlobal
